Creation Time- 2017-01-25_17-24-58 | Status- debug | Type- chisel | tests- all | User- mattfel | Origin- mattfel-Inspiron-13-7359 | Destination- portland | Branch- master | Spatial- 38318 | Delite- 896d3 | LMS- aa137 | Forge- f04d2
2017-01-25_17-24-58
debug
chisel
all
mattfel
mattfel-Inspiron-13-7359
38318117e968ef23ed7b2a753877e52c3cd4d4f4
896d3715198e5af3896f51908667d8434b50353e
aa1378f466d46c531dd406aa0a8d5445dce39994
f04d290ebe1442bdab85c4c8fb36d04cf61d4461
master
portland
