Creation Time- 2017-02-08_19-46-05 | Status- debug | Type- chisel | tests- all | User- mattfel | Origin- mattfel-Inspiron-13-7359 | Destination- portland | Branch- fpga | Spatial- 018a8 | Argon- bfeff | Virtualized- d9263
2017-02-08_19-46-05
debug
chisel
all
mattfel
mattfel-Inspiron-13-7359
018a848859b2125be61cc42e25d8aede2fe0ac67
bfeffe44cfd22f75b102a8149189ebdbfe198ef0
d92637b16d3889be76a5358c091846493c6ef82d
fpga
portland
/home/mattfel/regression
