Creation Time- 2017-01-26_16-21-05 | Status- debug | Type- chisel | tests- all | User- mattfel | Origin- mattfel-Inspiron-13-7359 | Destination- portland | Branch- chisel | Spatial- bbe18 | Delite- 3f9f7 | LMS- aa137 | Forge- f04d2
2017-01-26_16-21-05
debug
chisel
all
mattfel
mattfel-Inspiron-13-7359
bbe1885bd695b88bd8b04c4c396e360a0f69bcd6
3f9f7199a160a85059fa4e7bb53fa1b4364d5461
aa1378f466d46c531dd406aa0a8d5445dce39994
f04d290ebe1442bdab85c4c8fb36d04cf61d4461
chisel
portland
