Creation Time- 2017-02-12_11-56-56 | Status- debug | Type- chisel | tests- all | User- mattfel | Origin- mattfel-Inspiron-13-7359 | Destination- portland | Branch- master | Spatial- c7d1c | Argon- 567b7 | Virtualized- d9263
2017-02-12_11-56-56
debug
chisel
all
mattfel
mattfel-Inspiron-13-7359
c7d1c95cb8b5df5f1099d864c2bfe9adf0c054b5
567b7ffc0fe2f10f4c11875ea49b02ff9d1c9713
d92637b16d3889be76a5358c091846493c6ef82d
master
portland
/home/mattfel/regression
