Creation Time- 2017-02-11_11-50-05 | Status- debug | Type- chisel | tests- all | User- mattfel | Origin- mattfel-Inspiron-13-7359 | Destination- portland | Branch- fpga | Spatial- d461d | Argon- 5a929 | Virtualized- d9263
2017-02-11_11-50-05
debug
chisel
all
mattfel
mattfel-Inspiron-13-7359
d461dce586d71563c06a576d7b6a2eb199d1549d
5a929fae50e422c22b910fc8e14331560950daed
d92637b16d3889be76a5358c091846493c6ef82d
fpga
portland
/home/mattfel/regression
