Creation Time- 2017-02-12_11-51-27 | Status- debug | Type- chisel | tests- all | User- mattfel | Origin- mattfel-Inspiron-13-7359 | Destination- portland | Branch- fpga | Spatial- 65274 | Argon- 567b7 | Virtualized- d9263
2017-02-12_11-51-27
debug
chisel
all
mattfel
mattfel-Inspiron-13-7359
652745f918701673a73e02212e6387c3d5124658
567b7ffc0fe2f10f4c11875ea49b02ff9d1c9713
d92637b16d3889be76a5358c091846493c6ef82d
fpga
portland
/home/mattfel/regression
