Creation Time- 2017-02-11_12-28-45 | Status- debug | Type- chisel | tests- all | User- mattfel | Origin- mattfel-Inspiron-13-7359 | Destination- portland | Branch- fpga | Spatial- 2347a | Argon- 5a929 | Virtualized- d9263
2017-02-11_12-28-45
debug
chisel
all
mattfel
mattfel-Inspiron-13-7359
2347afa2701b9ab93e2268c34b7d8f47842e77af
5a929fae50e422c22b910fc8e14331560950daed
d92637b16d3889be76a5358c091846493c6ef82d
fpga
portland
/home/mattfel/regression
