Creation Time- 2017-02-08_17-54-42 | Status- debug | Type- chisel | tests- all | User- mattfel | Origin- mattfel-Inspiron-13-7359 | Destination- portland | Branch- master | Spatial- fe1ac | Argon- 90266 | Virtualized- d9263
2017-02-08_17-54-42
debug
chisel
all
mattfel
mattfel-Inspiron-13-7359
fe1ac3b203f8c70be0a7f6f995aff7b2b2fef318
902665d83c20dce19bd527212c84d8eb5cf784a5
d92637b16d3889be76a5358c091846493c6ef82d
master
portland
/home/mattfel/regression
