Creation Time- 2017-02-11_14-28-08 | Status- debug | Type- chisel | tests- all | User- mattfel | Origin- mattfel-Inspiron-13-7359 | Destination- portland | Branch- fpga | Spatial- 3b7e4 | Argon- 5a929 | Virtualized- d9263
2017-02-11_14-28-08
debug
chisel
all
mattfel
mattfel-Inspiron-13-7359
3b7e41e749c686ce6c3db32a7baf8ba3b9d64fd6
5a929fae50e422c22b910fc8e14331560950daed
d92637b16d3889be76a5358c091846493c6ef82d
fpga
portland
/home/mattfel/regression
