Creation Time- 2017-02-08_20-51-12 | Status- debug | Type- chisel | tests- all | User- mattfel | Origin- mattfel-Inspiron-13-7359 | Destination- portland | Branch- fpga | Spatial- 0f6c8 | Argon- 78304 | Virtualized- d9263
2017-02-08_20-51-12
debug
chisel
all
mattfel
mattfel-Inspiron-13-7359
0f6c8634e9fd28aed7dc8d94f180c6b0cc525545
78304d86ddaa4b2fd1fb7761dc10b246b111ddda
d92637b16d3889be76a5358c091846493c6ef82d
fpga
portland
/home/mattfel/regression
