Creation Time- 2017-02-08_02-18-14 | Status- debug | Type- chisel | tests- all | User- mattfel | Origin- mattfel-Inspiron-13-7359 | Destination- portland | Branch- master | Spatial- d2080 | Argon- df360 | Virtualized- cecdb
2017-02-08_02-18-14
debug
chisel
all
mattfel
mattfel-Inspiron-13-7359
d2080b798b76458334ba4e516796c7b8c75f1be0
df360295e44336918a34fe59bfa649b3ce4d3332
cecdb12de5d385aab193d4bcbbea5e7b6677f9aa
master
portland
/home/mattfel/regression
