Creation Time- 2017-02-08_14-15-53 | Status- debug | Type- chisel | tests- all | User- mattfel | Origin- mattfel-Inspiron-13-7359 | Destination- portland | Branch- master | Spatial- 52b6d | Argon- d345e | Virtualized- d9263
2017-02-08_14-15-53
debug
chisel
all
mattfel
mattfel-Inspiron-13-7359
52b6dfffc60061dbf2b8da5be1a73138699ffc23
d345e58e2caccff46ab58ed97c3fc3618ede6838
d92637b16d3889be76a5358c091846493c6ef82d
master
portland
/home/mattfel/regression
