Creation Time- 2017-01-24_23-24-39 | Status- debug | Type- chisel | tests- all | User- mattfel | Origin- mattfel-Inspiron-13-7359 | Destination- portland | Branch- chisel | Spatial- 1cb98 | Delite- b9fb2 | LMS- aa137 | Forge- f04d2
2017-01-24_23-24-39
debug
chisel
all
mattfel
mattfel-Inspiron-13-7359
1cb98eca8a0cf49df4a548f2783b6516cc81fa01
b9fb2a017a528f226d63b67b4c99553955f97489
aa1378f466d46c531dd406aa0a8d5445dce39994
f04d290ebe1442bdab85c4c8fb36d04cf61d4461
chisel
portland
