Creation Time- 2017-02-11_12-35-18 | Status- debug | Type- chisel | tests- all | User- mattfel | Origin- mattfel-Inspiron-13-7359 | Destination- portland | Branch- fpga | Spatial- 19fd5 | Argon- 5a929 | Virtualized- d9263
2017-02-11_12-35-18
debug
chisel
all
mattfel
mattfel-Inspiron-13-7359
19fd5b2037417fc3b82ac1269b6c2d0cab3fc984
5a929fae50e422c22b910fc8e14331560950daed
d92637b16d3889be76a5358c091846493c6ef82d
fpga
portland
/home/mattfel/regression
