Creation Time- 2017-02-09_16-09-46 | Status- debug | Type- chisel | tests- all | User- mattfel | Origin- mattfel-Inspiron-13-7359 | Destination- portland | Branch- fpga | Spatial- 15fb9 | Argon- ddfdf | Virtualized- d9263
2017-02-09_16-09-46
debug
chisel
all
mattfel
mattfel-Inspiron-13-7359
15fb944ce70b61c66e39724a83ad9fd99fa0cd2d
ddfdf946fabb657852a4cccfeea94bb5630ee159
d92637b16d3889be76a5358c091846493c6ef82d
fpga
portland
/home/mattfel/regression
