Creation Time- 2017-01-27_17-56-44 | Status- debug | Type- chisel | tests- all | User- mattfel | Origin- mattfel-Inspiron-13-7359 | Destination- portland | Branch- chisel | Spatial- 6bcbb | Delite- 9e9f5 | LMS- 7ba4e | Forge- f04d2
2017-01-27_17-56-44
debug
chisel
all
mattfel
mattfel-Inspiron-13-7359
6bcbb9dc01f1a38b0f447c15cc849e41a599b9f1
9e9f51d49253df788a66519df19f55063b7868b6
7ba4ed11d22cfc71e86b2ee95bd2597d9ffbb8ad
f04d290ebe1442bdab85c4c8fb36d04cf61d4461
chisel
portland
