Creation Time- 2017-02-07_01-39-03 | Status- debug | Type- chisel | tests- all | User- mattfel | Origin- mattfel-Inspiron-13-7359 | Destination- portland | Branch- master | Spatial- e0ad1 | Argon- 4532e | Virtualized- cecdb
2017-02-07_01-39-03
debug
chisel
all
mattfel
mattfel-Inspiron-13-7359
e0ad1139438b67878374320dd804a744d470082c
4532ece91d99e4a04ef932a0b42bc02595105cb1
cecdb12de5d385aab193d4bcbbea5e7b6677f9aa
master
portland
