Creation Time- 2017-01-27_13-57-50 | Status- debug | Type- chisel | tests- all | User- mattfel | Origin- mattfel-Inspiron-13-7359 | Destination- portland | Branch- chisel | Spatial- 04bb1 | Delite- 3f9f7 | LMS- aa137 | Forge- f04d2
2017-01-27_13-57-50
debug
chisel
all
mattfel
mattfel-Inspiron-13-7359
04bb19d26dac509f2c44d937201115b5877dfbaf
3f9f7199a160a85059fa4e7bb53fa1b4364d5461
aa1378f466d46c531dd406aa0a8d5445dce39994
f04d290ebe1442bdab85c4c8fb36d04cf61d4461
chisel
portland
