Creation Time- 2017-01-23_19-11-27 | Status- debug | Type- chisel | tests- all | User- mattfel | Origin- mattfel-Inspiron-13-7359 | Destination- portland | Branch- chisel | Spatial- 08677 | Delite- c1405 | LMS- aa137 | Forge- f04d2
2017-01-23_19-11-27
debug
chisel
all
mattfel
mattfel-Inspiron-13-7359
08677ad0124c90439e414767603f1b5b37dc115d
c14052472ddf0e0a298979e3b4fde5f6ed20c409
aa1378f466d46c531dd406aa0a8d5445dce39994
f04d290ebe1442bdab85c4c8fb36d04cf61d4461
chisel
portland
