Creation Time- 2017-01-24_01-03-45 | Status- debug | Type- chisel | tests- all | User- mattfel | Origin- mattfel-Inspiron-13-7359 | Destination- portland | Branch- chisel | Spatial- f6dac | Delite- c1405 | LMS- aa137 | Forge- f04d2
2017-01-24_01-03-45
debug
chisel
all
mattfel
mattfel-Inspiron-13-7359
f6dac2e8b82dbdfea577f49cb9fe13118384c283
c14052472ddf0e0a298979e3b4fde5f6ed20c409
aa1378f466d46c531dd406aa0a8d5445dce39994
f04d290ebe1442bdab85c4c8fb36d04cf61d4461
chisel
portland
