Creation Time- 2017-02-08_01-43-52 | Status- debug | Type- chisel | tests- all | User- mattfel | Origin- mattfel-Inspiron-13-7359 | Destination- portland | Branch- master | Spatial- e13d6 | Argon- 96906 | Virtualized- cecdb
2017-02-08_01-43-52
debug
chisel
all
mattfel
mattfel-Inspiron-13-7359
e13d6b4fe4e9e25f712e9b07e54b38191072cfd1
96906cdb903bb9d4714481367d85ef6ffa32f7dc
cecdb12de5d385aab193d4bcbbea5e7b6677f9aa
master
portland
/home/mattfel/regression
