Creation Time- 2017-02-08_15-10-18 | Status- debug | Type- chisel | tests- all | User- mattfel | Origin- mattfel-Inspiron-13-7359 | Destination- portland | Branch- master | Spatial- 81c6a | Argon- d345e | Virtualized- d9263
2017-02-08_15-10-18
debug
chisel
all
mattfel
mattfel-Inspiron-13-7359
81c6a07e467e77836481e7d53c82ccb7824f77f5
d345e58e2caccff46ab58ed97c3fc3618ede6838
d92637b16d3889be76a5358c091846493c6ef82d
master
portland
/home/mattfel/regression
