Creation Time- 2017-02-09_10-46-54 | Status- debug | Type- chisel | tests- all | User- mattfel | Origin- mattfel-Inspiron-13-7359 | Destination- portland | Branch- fpga | Spatial- b4c5b | Argon- 78304 | Virtualized- d9263
2017-02-09_10-46-54
debug
chisel
all
mattfel
mattfel-Inspiron-13-7359
b4c5b7a367d038029801231ba64450fcc6b78291
78304d86ddaa4b2fd1fb7761dc10b246b111ddda
d92637b16d3889be76a5358c091846493c6ef82d
fpga
portland
/home/mattfel/regression
