Creation Time- 2017-01-25_10-08-18 | Status- debug | Type- chisel | tests- all | User- mattfel | Origin- portland | Destination- portland | Branch- master | Spatial- e0afc | Delite- b9fb2 | LMS- aa137 | Forge- f04d2
2017-01-25_10-08-18
debug
chisel
all
mattfel
portland
e0afcaf59a802a3da6af84736276f75f3767a265
b9fb2a017a528f226d63b67b4c99553955f97489
aa1378f466d46c531dd406aa0a8d5445dce39994
f04d290ebe1442bdab85c4c8fb36d04cf61d4461
master
portland
