Creation Time- 2017-01-30_01-01-00 | Status- debug | Type- chisel | tests- all | User- mattfel | Origin- mattfel-Inspiron-13-7359 | Destination- portland | Branch- chisel | Spatial- d4e84 | Delite- 9e9f5 | LMS- 7ba4e | Forge- f04d2
2017-01-30_01-01-00
debug
chisel
all
mattfel
mattfel-Inspiron-13-7359
d4e8400e6790e910054f4d7f623be2dff7490817
9e9f51d49253df788a66519df19f55063b7868b6
7ba4ed11d22cfc71e86b2ee95bd2597d9ffbb8ad
f04d290ebe1442bdab85c4c8fb36d04cf61d4461
chisel
portland
