Creation Time- 2017-01-23_23-39-59 | Status- debug | Type- chisel | tests- all | User- mattfel | Origin- mattfel-Inspiron-13-7359 | Destination- portland | Branch- chisel | Spatial- bc67c | Delite- c1405 | LMS- aa137 | Forge- f04d2
2017-01-23_23-39-59
debug
chisel
all
mattfel
mattfel-Inspiron-13-7359
bc67cd652002c8646a272ec4a2e8b1518a26e3b1
c14052472ddf0e0a298979e3b4fde5f6ed20c409
aa1378f466d46c531dd406aa0a8d5445dce39994
f04d290ebe1442bdab85c4c8fb36d04cf61d4461
chisel
portland
