Creation Time- 2017-02-07_14-49-14 | Status- debug | Type- chisel | tests- all | User- mattfel | Origin- mattfel-Inspiron-13-7359 | Destination- portland | Branch- master | Spatial- 7a237 | Argon- 4532e | Virtualized- cecdb
2017-02-07_14-49-14
debug
chisel
all
mattfel
mattfel-Inspiron-13-7359
7a237fe8fc51921eff44252f92118d6965e8a14c
4532ece91d99e4a04ef932a0b42bc02595105cb1
cecdb12de5d385aab193d4bcbbea5e7b6677f9aa
master
portland
/home/mattfel/regression
