Creation Time- 2017-02-09_13-22-05 | Status- debug | Type- chisel | tests- all | User- mattfel | Origin- mattfel-Inspiron-13-7359 | Destination- portland | Branch- fpga | Spatial- 5e100 | Argon- fdad2 | Virtualized- d9263
2017-02-09_13-22-05
debug
chisel
all
mattfel
mattfel-Inspiron-13-7359
5e100fae60e78bf43825d8cd24e31e1870733d45
fdad2a249e3ed16bae7872400b007d1628e2e36d
d92637b16d3889be76a5358c091846493c6ef82d
fpga
portland
/home/mattfel/regression
