Creation Time- 2017-01-25_16-53-22 | Status- debug | Type- chisel | tests- all | User- mattfel | Origin- mattfel-Inspiron-13-7359 | Destination- portland | Branch- master | Spatial- 3e958 | Delite- 896d3 | LMS- aa137 | Forge- f04d2
2017-01-25_16-53-22
debug
chisel
all
mattfel
mattfel-Inspiron-13-7359
3e958cc55d7ad6ffbc730951eccef52a8ff12936
896d3715198e5af3896f51908667d8434b50353e
aa1378f466d46c531dd406aa0a8d5445dce39994
f04d290ebe1442bdab85c4c8fb36d04cf61d4461
master
portland
