Creation Time- 2017-02-07_10-29-54 | Status- debug | Type- chisel | tests- all | User- mattfel | Origin- mattfel-Inspiron-13-7359 | Destination- portland | Branch- master | Spatial- c8cd4 | Argon- 4532e | Virtualized- cecdb
2017-02-07_10-29-54
debug
chisel
all
mattfel
mattfel-Inspiron-13-7359
c8cd44b1d49e4ae53b168611f0fe7dfb3d369bd0
4532ece91d99e4a04ef932a0b42bc02595105cb1
cecdb12de5d385aab193d4bcbbea5e7b6677f9aa
master
portland
/home/mattfel/regression
