Creation Time- 2017-02-09_18-45-53 | Status- debug | Type- chisel | tests- all | User- mattfel | Origin- mattfel-Inspiron-13-7359 | Destination- portland | Branch- fpga | Spatial- ce225 | Argon- ddfdf | Virtualized- d9263
2017-02-09_18-45-53
debug
chisel
all
mattfel
mattfel-Inspiron-13-7359
ce225e784852c94cc99ed89da984eabac4ed2313
ddfdf946fabb657852a4cccfeea94bb5630ee159
d92637b16d3889be76a5358c091846493c6ef82d
fpga
portland
/home/mattfel/regression
