Creation Time- 2017-02-07_14-14-26 | Status- debug | Type- chisel | tests- all | User- mattfel | Origin- mattfel-Inspiron-13-7359 | Destination- portland | Branch- master | Spatial- 9a94e | Argon- 4532e | Virtualized- cecdb
2017-02-07_14-14-26
debug
chisel
all
mattfel
mattfel-Inspiron-13-7359
9a94e25a1998f7219d7e9e3435daad7717a593ca
4532ece91d99e4a04ef932a0b42bc02595105cb1
cecdb12de5d385aab193d4bcbbea5e7b6677f9aa
master
portland
/home/mattfel/regression
