Creation Time- 2017-02-11_11-40-17 | Status- debug | Type- chisel | tests- all | User- mattfel | Origin- mattfel-Inspiron-13-7359 | Destination- portland | Branch- fpga | Spatial- 63498 | Argon- 5a929 | Virtualized- d9263
2017-02-11_11-40-17
debug
chisel
all
mattfel
mattfel-Inspiron-13-7359
63498b31fcd5558f827f84908a96f4d26158d9c9
5a929fae50e422c22b910fc8e14331560950daed
d92637b16d3889be76a5358c091846493c6ef82d
fpga
portland
/home/mattfel/regression
