Creation Time- 2017-02-12_16-35-41 | Status- debug | Type- chisel | tests- all | User- mattfel | Origin- mattfel-Inspiron-13-7359 | Destination- portland | Branch- master | Spatial- e162d | Argon- 567b7 | Virtualized- d9263
2017-02-12_16-35-41
debug
chisel
all
mattfel
mattfel-Inspiron-13-7359
e162de666527eeeeaa764ad3b4ad2bec190924aa
567b7ffc0fe2f10f4c11875ea49b02ff9d1c9713
d92637b16d3889be76a5358c091846493c6ef82d
master
portland
/home/mattfel/regression
