Creation Time- 2017-02-10_18-58-54 | Status- debug | Type- chisel | tests- all | User- mattfel | Origin- mattfel-Inspiron-13-7359 | Destination- portland | Branch- fpga | Spatial- 9c0f1 | Argon- e9039 | Virtualized- d9263
2017-02-10_18-58-54
debug
chisel
all
mattfel
mattfel-Inspiron-13-7359
9c0f1cd4226c4af8f6b1ea486e6943ec795f33c5
e903955f18a99e186c404e5a2573ae99fa67ad39
d92637b16d3889be76a5358c091846493c6ef82d
fpga
portland
/home/mattfel/regression
